
Microsoft Visual Studio Solution File, Format Version 12.00
# Visual Studio 15
VisualStudioVersion = 15.0.26403.7
MinimumVisualStudioVersion = 10.0.40219.1
Project("{FAE04EC0-301F-11D3-BF4B-00C04F79EFBC}") = "WebApplication1", "WebApplication1\WebApplication1.csproj", "{9DA06791-8F6B-446A-A9C5-3CC90AF9737F}"
EndProject
Project("{FAE04EC0-301F-11D3-BF4B-00C04F79EFBC}") = "WebApplication1.Tests", "WebApplication1.Tests\WebApplication1.Tests.csproj", "{2C0071C9-0DCF-4532-A028-5C02BCE19E2F}"
EndProject
Global
	GlobalSection(SolutionConfigurationPlatforms) = preSolution
		Debug|Any CPU = Debug|Any CPU
		Release|Any CPU = Release|Any CPU
	EndGlobalSection
	GlobalSection(ProjectConfigurationPlatforms) = postSolution
		{9DA06791-8F6B-446A-A9C5-3CC90AF9737F}.Debug|Any CPU.ActiveCfg = Debug|Any CPU
		{9DA06791-8F6B-446A-A9C5-3CC90AF9737F}.Debug|Any CPU.Build.0 = Debug|Any CPU
		{9DA06791-8F6B-446A-A9C5-3CC90AF9737F}.Release|Any CPU.ActiveCfg = Release|Any CPU
		{9DA06791-8F6B-446A-A9C5-3CC90AF9737F}.Release|Any CPU.Build.0 = Release|Any CPU
		{2C0071C9-0DCF-4532-A028-5C02BCE19E2F}.Debug|Any CPU.ActiveCfg = Debug|Any CPU
		{2C0071C9-0DCF-4532-A028-5C02BCE19E2F}.Debug|Any CPU.Build.0 = Debug|Any CPU
		{2C0071C9-0DCF-4532-A028-5C02BCE19E2F}.Release|Any CPU.ActiveCfg = Release|Any CPU
		{2C0071C9-0DCF-4532-A028-5C02BCE19E2F}.Release|Any CPU.Build.0 = Release|Any CPU
	EndGlobalSection
	GlobalSection(SolutionProperties) = preSolution
		HideSolutionNode = FALSE
	EndGlobalSection
EndGlobal
